
Microsoft Visual Studio Solution File, Format Version 12.00
# Visual Studio 15
VisualStudioVersion = 15.0.28307.421
MinimumVisualStudioVersion = 10.0.40219.1
Project("{9A19103F-16F7-4668-BE54-9A1E7A4F7556}") = "SportsStore", "SportsStore\SportsStore.csproj", "{6EB4C0CF-394F-4E8F-8316-F74198921ED5}"
EndProject
Project("{9A19103F-16F7-4668-BE54-9A1E7A4F7556}") = "SportsStore.Tests", "SportsStore.Tests\SportsStore.Tests.csproj", "{9AA28048-0116-49DF-BC01-27A7130ABC12}"
EndProject
Global
	GlobalSection(SolutionConfigurationPlatforms) = preSolution
		Debug|Any CPU = Debug|Any CPU
		Release|Any CPU = Release|Any CPU
	EndGlobalSection
	GlobalSection(ProjectConfigurationPlatforms) = postSolution
		{6EB4C0CF-394F-4E8F-8316-F74198921ED5}.Debug|Any CPU.ActiveCfg = Debug|Any CPU
		{6EB4C0CF-394F-4E8F-8316-F74198921ED5}.Debug|Any CPU.Build.0 = Debug|Any CPU
		{6EB4C0CF-394F-4E8F-8316-F74198921ED5}.Release|Any CPU.ActiveCfg = Release|Any CPU
		{6EB4C0CF-394F-4E8F-8316-F74198921ED5}.Release|Any CPU.Build.0 = Release|Any CPU
		{9AA28048-0116-49DF-BC01-27A7130ABC12}.Debug|Any CPU.ActiveCfg = Debug|Any CPU
		{9AA28048-0116-49DF-BC01-27A7130ABC12}.Debug|Any CPU.Build.0 = Debug|Any CPU
		{9AA28048-0116-49DF-BC01-27A7130ABC12}.Release|Any CPU.ActiveCfg = Release|Any CPU
		{9AA28048-0116-49DF-BC01-27A7130ABC12}.Release|Any CPU.Build.0 = Release|Any CPU
	EndGlobalSection
	GlobalSection(SolutionProperties) = preSolution
		HideSolutionNode = FALSE
	EndGlobalSection
	GlobalSection(ExtensibilityGlobals) = postSolution
		SolutionGuid = {141EDFFE-24AC-4D86-8469-2744C60AAA34}
	EndGlobalSection
EndGlobal
